
Microsoft Visual Studio Solution File, Format Version 12.00
# Visual Studio 2013
VisualStudioVersion = 12.0.30723.0
MinimumVisualStudioVersion = 10.0.40219.1
Project("{FAE04EC0-301F-11D3-BF4B-00C04F79EFBC}") = "SystemWrapper", "SystemWrapper\SystemWrapper.csproj", "{B8DEECE0-6074-47C2-9AF4-123EE324D212}"
EndProject
Project("{FAE04EC0-301F-11D3-BF4B-00C04F79EFBC}") = "SystemWrapper.Tests", "SystemWrapper.Tests\SystemWrapper.Tests.csproj", "{977D8BEB-334E-4938-BAE0-CB75698B1255}"
EndProject
Project("{FAE04EC0-301F-11D3-BF4B-00C04F79EFBC}") = "SystemWrapper.Samples", "SystemWrapper.Samples\SystemWrapper.Samples.csproj", "{B2CCB1C8-04C8-4D64-B415-70CD5811FF9D}"
EndProject
Project("{FAE04EC0-301F-11D3-BF4B-00C04F79EFBC}") = "SystemInterface", "SystemInterface\SystemInterface.csproj", "{6634E69D-1B08-4D6B-8C2F-5F88EBDE53B4}"
EndProject
Global
	GlobalSection(TeamFoundationVersionControl) = preSolution
		SccNumberOfProjects = 5
		SccEnterpriseProvider = {4CA58AB2-18FA-4F8D-95D4-32DDF27D184C}
		SccTeamFoundationServer = https://tfs.codeplex.com/tfs/tfs02
		SccLocalPath0 = .
		SccProjectUniqueName1 = SystemWrapper\\SystemWrapper.csproj
		SccProjectName1 = SystemWrapper
		SccLocalPath1 = SystemWrapper
		SccProjectUniqueName2 = SystemWrapper.Tests\\SystemWrapper.Tests.csproj
		SccProjectName2 = SystemWrapper.Tests
		SccLocalPath2 = SystemWrapper.Tests
		SccProjectUniqueName3 = SystemWrapper.Samples\\SystemWrapper.Samples.csproj
		SccProjectName3 = SystemWrapper.Samples
		SccLocalPath3 = SystemWrapper.Samples
		SccProjectUniqueName4 = SystemInterface\\SystemInterface.csproj
		SccProjectName4 = SystemInterface
		SccLocalPath4 = SystemInterface
	EndGlobalSection
	GlobalSection(SolutionConfigurationPlatforms) = preSolution
		Debug|Any CPU = Debug|Any CPU
		Release|Any CPU = Release|Any CPU
	EndGlobalSection
	GlobalSection(ProjectConfigurationPlatforms) = postSolution
		{B8DEECE0-6074-47C2-9AF4-123EE324D212}.Debug|Any CPU.ActiveCfg = Debug|Any CPU
		{B8DEECE0-6074-47C2-9AF4-123EE324D212}.Debug|Any CPU.Build.0 = Debug|Any CPU
		{B8DEECE0-6074-47C2-9AF4-123EE324D212}.Release|Any CPU.ActiveCfg = Release|Any CPU
		{B8DEECE0-6074-47C2-9AF4-123EE324D212}.Release|Any CPU.Build.0 = Release|Any CPU
		{977D8BEB-334E-4938-BAE0-CB75698B1255}.Debug|Any CPU.ActiveCfg = Debug|Any CPU
		{977D8BEB-334E-4938-BAE0-CB75698B1255}.Debug|Any CPU.Build.0 = Debug|Any CPU
		{977D8BEB-334E-4938-BAE0-CB75698B1255}.Release|Any CPU.ActiveCfg = Release|Any CPU
		{977D8BEB-334E-4938-BAE0-CB75698B1255}.Release|Any CPU.Build.0 = Release|Any CPU
		{B2CCB1C8-04C8-4D64-B415-70CD5811FF9D}.Debug|Any CPU.ActiveCfg = Debug|Any CPU
		{B2CCB1C8-04C8-4D64-B415-70CD5811FF9D}.Debug|Any CPU.Build.0 = Debug|Any CPU
		{B2CCB1C8-04C8-4D64-B415-70CD5811FF9D}.Release|Any CPU.ActiveCfg = Release|Any CPU
		{B2CCB1C8-04C8-4D64-B415-70CD5811FF9D}.Release|Any CPU.Build.0 = Release|Any CPU
		{6634E69D-1B08-4D6B-8C2F-5F88EBDE53B4}.Debug|Any CPU.ActiveCfg = Debug|Any CPU
		{6634E69D-1B08-4D6B-8C2F-5F88EBDE53B4}.Debug|Any CPU.Build.0 = Debug|Any CPU
		{6634E69D-1B08-4D6B-8C2F-5F88EBDE53B4}.Release|Any CPU.ActiveCfg = Release|Any CPU
		{6634E69D-1B08-4D6B-8C2F-5F88EBDE53B4}.Release|Any CPU.Build.0 = Release|Any CPU
	EndGlobalSection
	GlobalSection(SolutionProperties) = preSolution
		HideSolutionNode = FALSE
	EndGlobalSection
EndGlobal
